
Microsoft Visual Studio Solution File, Format Version 12.00
# Visual Studio 15
VisualStudioVersion = 15.0.28307.489
MinimumVisualStudioVersion = 10.0.40219.1
Project("{FAE04EC0-301F-11D3-BF4B-00C04F79EFBC}") = "RedCorners.Demo.Android", "RedCorners.Demo\RedCorners.Demo.Android\RedCorners.Demo.Android.csproj", "{4AE74670-E276-4C61-8CAF-6B0E5C2E16F0}"
EndProject
Project("{FAE04EC0-301F-11D3-BF4B-00C04F79EFBC}") = "RedCorners.Demo.iOS", "RedCorners.Demo\RedCorners.Demo.iOS\RedCorners.Demo.iOS.csproj", "{0A12785B-F34D-4E84-AC80-E5405669151B}"
EndProject
Project("{FAE04EC0-301F-11D3-BF4B-00C04F79EFBC}") = "RedCorners.Demo", "RedCorners.Demo\RedCorners.Demo\RedCorners.Demo.csproj", "{8D5FBDE0-9223-4F85-9845-06309DAEAB32}"
EndProject
Global
	GlobalSection(SolutionConfigurationPlatforms) = preSolution
		Ad-Hoc|Any CPU = Ad-Hoc|Any CPU
		Ad-Hoc|iPhone = Ad-Hoc|iPhone
		Ad-Hoc|iPhoneSimulator = Ad-Hoc|iPhoneSimulator
		AppStore|Any CPU = AppStore|Any CPU
		AppStore|iPhone = AppStore|iPhone
		AppStore|iPhoneSimulator = AppStore|iPhoneSimulator
		Debug|Any CPU = Debug|Any CPU
		Debug|iPhone = Debug|iPhone
		Debug|iPhoneSimulator = Debug|iPhoneSimulator
		Release|Any CPU = Release|Any CPU
		Release|iPhone = Release|iPhone
		Release|iPhoneSimulator = Release|iPhoneSimulator
	EndGlobalSection
	GlobalSection(ProjectConfigurationPlatforms) = postSolution
		{4AE74670-E276-4C61-8CAF-6B0E5C2E16F0}.Ad-Hoc|Any CPU.ActiveCfg = Release|Any CPU
		{4AE74670-E276-4C61-8CAF-6B0E5C2E16F0}.Ad-Hoc|Any CPU.Build.0 = Release|Any CPU
		{4AE74670-E276-4C61-8CAF-6B0E5C2E16F0}.Ad-Hoc|Any CPU.Deploy.0 = Release|Any CPU
		{4AE74670-E276-4C61-8CAF-6B0E5C2E16F0}.Ad-Hoc|iPhone.ActiveCfg = Release|Any CPU
		{4AE74670-E276-4C61-8CAF-6B0E5C2E16F0}.Ad-Hoc|iPhone.Build.0 = Release|Any CPU
		{4AE74670-E276-4C61-8CAF-6B0E5C2E16F0}.Ad-Hoc|iPhone.Deploy.0 = Release|Any CPU
		{4AE74670-E276-4C61-8CAF-6B0E5C2E16F0}.Ad-Hoc|iPhoneSimulator.ActiveCfg = Release|Any CPU
		{4AE74670-E276-4C61-8CAF-6B0E5C2E16F0}.Ad-Hoc|iPhoneSimulator.Build.0 = Release|Any CPU
		{4AE74670-E276-4C61-8CAF-6B0E5C2E16F0}.Ad-Hoc|iPhoneSimulator.Deploy.0 = Release|Any CPU
		{4AE74670-E276-4C61-8CAF-6B0E5C2E16F0}.AppStore|Any CPU.ActiveCfg = Release|Any CPU
		{4AE74670-E276-4C61-8CAF-6B0E5C2E16F0}.AppStore|Any CPU.Build.0 = Release|Any CPU
		{4AE74670-E276-4C61-8CAF-6B0E5C2E16F0}.AppStore|Any CPU.Deploy.0 = Release|Any CPU
		{4AE74670-E276-4C61-8CAF-6B0E5C2E16F0}.AppStore|iPhone.ActiveCfg = Release|Any CPU
		{4AE74670-E276-4C61-8CAF-6B0E5C2E16F0}.AppStore|iPhone.Build.0 = Release|Any CPU
		{4AE74670-E276-4C61-8CAF-6B0E5C2E16F0}.AppStore|iPhone.Deploy.0 = Release|Any CPU
		{4AE74670-E276-4C61-8CAF-6B0E5C2E16F0}.AppStore|iPhoneSimulator.ActiveCfg = Release|Any CPU
		{4AE74670-E276-4C61-8CAF-6B0E5C2E16F0}.AppStore|iPhoneSimulator.Build.0 = Release|Any CPU
		{4AE74670-E276-4C61-8CAF-6B0E5C2E16F0}.AppStore|iPhoneSimulator.Deploy.0 = Release|Any CPU
		{4AE74670-E276-4C61-8CAF-6B0E5C2E16F0}.Debug|Any CPU.ActiveCfg = Debug|Any CPU
		{4AE74670-E276-4C61-8CAF-6B0E5C2E16F0}.Debug|Any CPU.Build.0 = Debug|Any CPU
		{4AE74670-E276-4C61-8CAF-6B0E5C2E16F0}.Debug|Any CPU.Deploy.0 = Debug|Any CPU
		{4AE74670-E276-4C61-8CAF-6B0E5C2E16F0}.Debug|iPhone.ActiveCfg = Debug|Any CPU
		{4AE74670-E276-4C61-8CAF-6B0E5C2E16F0}.Debug|iPhone.Build.0 = Debug|Any CPU
		{4AE74670-E276-4C61-8CAF-6B0E5C2E16F0}.Debug|iPhone.Deploy.0 = Debug|Any CPU
		{4AE74670-E276-4C61-8CAF-6B0E5C2E16F0}.Debug|iPhoneSimulator.ActiveCfg = Debug|Any CPU
		{4AE74670-E276-4C61-8CAF-6B0E5C2E16F0}.Debug|iPhoneSimulator.Build.0 = Debug|Any CPU
		{4AE74670-E276-4C61-8CAF-6B0E5C2E16F0}.Debug|iPhoneSimulator.Deploy.0 = Debug|Any CPU
		{4AE74670-E276-4C61-8CAF-6B0E5C2E16F0}.Release|Any CPU.ActiveCfg = Release|Any CPU
		{4AE74670-E276-4C61-8CAF-6B0E5C2E16F0}.Release|Any CPU.Build.0 = Release|Any CPU
		{4AE74670-E276-4C61-8CAF-6B0E5C2E16F0}.Release|Any CPU.Deploy.0 = Release|Any CPU
		{4AE74670-E276-4C61-8CAF-6B0E5C2E16F0}.Release|iPhone.ActiveCfg = Release|Any CPU
		{4AE74670-E276-4C61-8CAF-6B0E5C2E16F0}.Release|iPhone.Build.0 = Release|Any CPU
		{4AE74670-E276-4C61-8CAF-6B0E5C2E16F0}.Release|iPhone.Deploy.0 = Release|Any CPU
		{4AE74670-E276-4C61-8CAF-6B0E5C2E16F0}.Release|iPhoneSimulator.ActiveCfg = Release|Any CPU
		{4AE74670-E276-4C61-8CAF-6B0E5C2E16F0}.Release|iPhoneSimulator.Build.0 = Release|Any CPU
		{4AE74670-E276-4C61-8CAF-6B0E5C2E16F0}.Release|iPhoneSimulator.Deploy.0 = Release|Any CPU
		{0A12785B-F34D-4E84-AC80-E5405669151B}.Ad-Hoc|Any CPU.ActiveCfg = Ad-Hoc|iPhone
		{0A12785B-F34D-4E84-AC80-E5405669151B}.Ad-Hoc|Any CPU.Build.0 = Ad-Hoc|iPhone
		{0A12785B-F34D-4E84-AC80-E5405669151B}.Ad-Hoc|Any CPU.Deploy.0 = Ad-Hoc|iPhone
		{0A12785B-F34D-4E84-AC80-E5405669151B}.Ad-Hoc|iPhone.ActiveCfg = Ad-Hoc|iPhone
		{0A12785B-F34D-4E84-AC80-E5405669151B}.Ad-Hoc|iPhone.Build.0 = Ad-Hoc|iPhone
		{0A12785B-F34D-4E84-AC80-E5405669151B}.Ad-Hoc|iPhone.Deploy.0 = Ad-Hoc|iPhone
		{0A12785B-F34D-4E84-AC80-E5405669151B}.Ad-Hoc|iPhoneSimulator.ActiveCfg = Ad-Hoc|iPhoneSimulator
		{0A12785B-F34D-4E84-AC80-E5405669151B}.Ad-Hoc|iPhoneSimulator.Build.0 = Ad-Hoc|iPhoneSimulator
		{0A12785B-F34D-4E84-AC80-E5405669151B}.Ad-Hoc|iPhoneSimulator.Deploy.0 = Ad-Hoc|iPhoneSimulator
		{0A12785B-F34D-4E84-AC80-E5405669151B}.AppStore|Any CPU.ActiveCfg = AppStore|iPhone
		{0A12785B-F34D-4E84-AC80-E5405669151B}.AppStore|Any CPU.Build.0 = AppStore|iPhone
		{0A12785B-F34D-4E84-AC80-E5405669151B}.AppStore|Any CPU.Deploy.0 = AppStore|iPhone
		{0A12785B-F34D-4E84-AC80-E5405669151B}.AppStore|iPhone.ActiveCfg = AppStore|iPhone
		{0A12785B-F34D-4E84-AC80-E5405669151B}.AppStore|iPhone.Build.0 = AppStore|iPhone
		{0A12785B-F34D-4E84-AC80-E5405669151B}.AppStore|iPhone.Deploy.0 = AppStore|iPhone
		{0A12785B-F34D-4E84-AC80-E5405669151B}.AppStore|iPhoneSimulator.ActiveCfg = AppStore|iPhoneSimulator
		{0A12785B-F34D-4E84-AC80-E5405669151B}.AppStore|iPhoneSimulator.Build.0 = AppStore|iPhoneSimulator
		{0A12785B-F34D-4E84-AC80-E5405669151B}.AppStore|iPhoneSimulator.Deploy.0 = AppStore|iPhoneSimulator
		{0A12785B-F34D-4E84-AC80-E5405669151B}.Debug|Any CPU.ActiveCfg = Debug|iPhoneSimulator
		{0A12785B-F34D-4E84-AC80-E5405669151B}.Debug|Any CPU.Build.0 = Debug|iPhoneSimulator
		{0A12785B-F34D-4E84-AC80-E5405669151B}.Debug|Any CPU.Deploy.0 = Debug|iPhoneSimulator
		{0A12785B-F34D-4E84-AC80-E5405669151B}.Debug|iPhone.ActiveCfg = Debug|iPhone
		{0A12785B-F34D-4E84-AC80-E5405669151B}.Debug|iPhone.Build.0 = Debug|iPhone
		{0A12785B-F34D-4E84-AC80-E5405669151B}.Debug|iPhone.Deploy.0 = Debug|iPhone
		{0A12785B-F34D-4E84-AC80-E5405669151B}.Debug|iPhoneSimulator.ActiveCfg = Debug|iPhoneSimulator
		{0A12785B-F34D-4E84-AC80-E5405669151B}.Debug|iPhoneSimulator.Build.0 = Debug|iPhoneSimulator
		{0A12785B-F34D-4E84-AC80-E5405669151B}.Debug|iPhoneSimulator.Deploy.0 = Debug|iPhoneSimulator
		{0A12785B-F34D-4E84-AC80-E5405669151B}.Release|Any CPU.ActiveCfg = Release|iPhone
		{0A12785B-F34D-4E84-AC80-E5405669151B}.Release|Any CPU.Build.0 = Release|iPhone
		{0A12785B-F34D-4E84-AC80-E5405669151B}.Release|Any CPU.Deploy.0 = Release|iPhone
		{0A12785B-F34D-4E84-AC80-E5405669151B}.Release|iPhone.ActiveCfg = Release|iPhone
		{0A12785B-F34D-4E84-AC80-E5405669151B}.Release|iPhone.Build.0 = Release|iPhone
		{0A12785B-F34D-4E84-AC80-E5405669151B}.Release|iPhone.Deploy.0 = Release|iPhone
		{0A12785B-F34D-4E84-AC80-E5405669151B}.Release|iPhoneSimulator.ActiveCfg = Release|iPhoneSimulator
		{0A12785B-F34D-4E84-AC80-E5405669151B}.Release|iPhoneSimulator.Build.0 = Release|iPhoneSimulator
		{0A12785B-F34D-4E84-AC80-E5405669151B}.Release|iPhoneSimulator.Deploy.0 = Release|iPhoneSimulator
		{8D5FBDE0-9223-4F85-9845-06309DAEAB32}.Ad-Hoc|Any CPU.ActiveCfg = Debug|Any CPU
		{8D5FBDE0-9223-4F85-9845-06309DAEAB32}.Ad-Hoc|Any CPU.Build.0 = Debug|Any CPU
		{8D5FBDE0-9223-4F85-9845-06309DAEAB32}.Ad-Hoc|Any CPU.Deploy.0 = Debug|Any CPU
		{8D5FBDE0-9223-4F85-9845-06309DAEAB32}.Ad-Hoc|iPhone.ActiveCfg = Debug|Any CPU
		{8D5FBDE0-9223-4F85-9845-06309DAEAB32}.Ad-Hoc|iPhone.Build.0 = Debug|Any CPU
		{8D5FBDE0-9223-4F85-9845-06309DAEAB32}.Ad-Hoc|iPhone.Deploy.0 = Debug|Any CPU
		{8D5FBDE0-9223-4F85-9845-06309DAEAB32}.Ad-Hoc|iPhoneSimulator.ActiveCfg = Debug|Any CPU
		{8D5FBDE0-9223-4F85-9845-06309DAEAB32}.Ad-Hoc|iPhoneSimulator.Build.0 = Debug|Any CPU
		{8D5FBDE0-9223-4F85-9845-06309DAEAB32}.Ad-Hoc|iPhoneSimulator.Deploy.0 = Debug|Any CPU
		{8D5FBDE0-9223-4F85-9845-06309DAEAB32}.AppStore|Any CPU.ActiveCfg = Debug|Any CPU
		{8D5FBDE0-9223-4F85-9845-06309DAEAB32}.AppStore|Any CPU.Build.0 = Debug|Any CPU
		{8D5FBDE0-9223-4F85-9845-06309DAEAB32}.AppStore|Any CPU.Deploy.0 = Debug|Any CPU
		{8D5FBDE0-9223-4F85-9845-06309DAEAB32}.AppStore|iPhone.ActiveCfg = Debug|Any CPU
		{8D5FBDE0-9223-4F85-9845-06309DAEAB32}.AppStore|iPhone.Build.0 = Debug|Any CPU
		{8D5FBDE0-9223-4F85-9845-06309DAEAB32}.AppStore|iPhone.Deploy.0 = Debug|Any CPU
		{8D5FBDE0-9223-4F85-9845-06309DAEAB32}.AppStore|iPhoneSimulator.ActiveCfg = Debug|Any CPU
		{8D5FBDE0-9223-4F85-9845-06309DAEAB32}.AppStore|iPhoneSimulator.Build.0 = Debug|Any CPU
		{8D5FBDE0-9223-4F85-9845-06309DAEAB32}.AppStore|iPhoneSimulator.Deploy.0 = Debug|Any CPU
		{8D5FBDE0-9223-4F85-9845-06309DAEAB32}.Debug|Any CPU.ActiveCfg = Debug|Any CPU
		{8D5FBDE0-9223-4F85-9845-06309DAEAB32}.Debug|Any CPU.Build.0 = Debug|Any CPU
		{8D5FBDE0-9223-4F85-9845-06309DAEAB32}.Debug|Any CPU.Deploy.0 = Debug|Any CPU
		{8D5FBDE0-9223-4F85-9845-06309DAEAB32}.Debug|iPhone.ActiveCfg = Debug|Any CPU
		{8D5FBDE0-9223-4F85-9845-06309DAEAB32}.Debug|iPhone.Build.0 = Debug|Any CPU
		{8D5FBDE0-9223-4F85-9845-06309DAEAB32}.Debug|iPhone.Deploy.0 = Debug|Any CPU
		{8D5FBDE0-9223-4F85-9845-06309DAEAB32}.Debug|iPhoneSimulator.ActiveCfg = Debug|Any CPU
		{8D5FBDE0-9223-4F85-9845-06309DAEAB32}.Debug|iPhoneSimulator.Build.0 = Debug|Any CPU
		{8D5FBDE0-9223-4F85-9845-06309DAEAB32}.Debug|iPhoneSimulator.Deploy.0 = Debug|Any CPU
		{8D5FBDE0-9223-4F85-9845-06309DAEAB32}.Release|Any CPU.ActiveCfg = Release|Any CPU
		{8D5FBDE0-9223-4F85-9845-06309DAEAB32}.Release|Any CPU.Build.0 = Release|Any CPU
		{8D5FBDE0-9223-4F85-9845-06309DAEAB32}.Release|Any CPU.Deploy.0 = Release|Any CPU
		{8D5FBDE0-9223-4F85-9845-06309DAEAB32}.Release|iPhone.ActiveCfg = Release|Any CPU
		{8D5FBDE0-9223-4F85-9845-06309DAEAB32}.Release|iPhone.Build.0 = Release|Any CPU
		{8D5FBDE0-9223-4F85-9845-06309DAEAB32}.Release|iPhone.Deploy.0 = Release|Any CPU
		{8D5FBDE0-9223-4F85-9845-06309DAEAB32}.Release|iPhoneSimulator.ActiveCfg = Release|Any CPU
		{8D5FBDE0-9223-4F85-9845-06309DAEAB32}.Release|iPhoneSimulator.Build.0 = Release|Any CPU
		{8D5FBDE0-9223-4F85-9845-06309DAEAB32}.Release|iPhoneSimulator.Deploy.0 = Release|Any CPU
	EndGlobalSection
	GlobalSection(SolutionProperties) = preSolution
		HideSolutionNode = FALSE
	EndGlobalSection
	GlobalSection(ExtensibilityGlobals) = postSolution
		SolutionGuid = {27880E58-1019-407B-8FEC-C3E0B359DDE3}
	EndGlobalSection
EndGlobal
